
Microsoft Visual Studio Solution File, Format Version 11.00
# Visual Studio 2010
Project("{8BC9CEB8-8B4A-11D0-8D11-00A0C91BC942}") = "Cindy", "Cindy\Cindy.vcxproj", "{60C6D329-D9A9-4E58-914E-8C5CFF907083}"
EndProject
Global
	GlobalSection(SolutionConfigurationPlatforms) = preSolution
		Debug|Win32 = Debug|Win32
		Release|Win32 = Release|Win32
	EndGlobalSection
	GlobalSection(ProjectConfigurationPlatforms) = postSolution
		{60C6D329-D9A9-4E58-914E-8C5CFF907083}.Debug|Win32.ActiveCfg = Debug|Win32
		{60C6D329-D9A9-4E58-914E-8C5CFF907083}.Debug|Win32.Build.0 = Debug|Win32
		{60C6D329-D9A9-4E58-914E-8C5CFF907083}.Release|Win32.ActiveCfg = Release|Win32
		{60C6D329-D9A9-4E58-914E-8C5CFF907083}.Release|Win32.Build.0 = Release|Win32
	EndGlobalSection
	GlobalSection(SolutionProperties) = preSolution
		HideSolutionNode = FALSE
	EndGlobalSection
EndGlobal
